
Microsoft Visual Studio Solution File, Format Version 12.00
# Visual Studio Version 16
VisualStudioVersion = 16.0.29318.209
MinimumVisualStudioVersion = 10.0.40219.1
Project("{FAE04EC0-301F-11D3-BF4B-00C04F79EFBC}") = "MovieApp", "MovieApp.csproj", "{40638D6C-2E01-4ECB-818B-AFC1A442F831}"
EndProject
Global
	GlobalSection(SolutionConfigurationPlatforms) = preSolution
		Debug|Any CPU = Debug|Any CPU
		Release|Any CPU = Release|Any CPU
	EndGlobalSection
	GlobalSection(ProjectConfigurationPlatforms) = postSolution
		{40638D6C-2E01-4ECB-818B-AFC1A442F831}.Debug|Any CPU.ActiveCfg = Debug|Any CPU
		{40638D6C-2E01-4ECB-818B-AFC1A442F831}.Debug|Any CPU.Build.0 = Debug|Any CPU
		{40638D6C-2E01-4ECB-818B-AFC1A442F831}.Release|Any CPU.ActiveCfg = Release|Any CPU
		{40638D6C-2E01-4ECB-818B-AFC1A442F831}.Release|Any CPU.Build.0 = Release|Any CPU
	EndGlobalSection
	GlobalSection(SolutionProperties) = preSolution
		HideSolutionNode = FALSE
	EndGlobalSection
	GlobalSection(ExtensibilityGlobals) = postSolution
		SolutionGuid = {2D7DBB08-CF90-4932-826C-9E4785A30F7E}
	EndGlobalSection
EndGlobal
